
Microsoft Visual Studio Solution File, Format Version 12.00
# Visual Studio Version 16
VisualStudioVersion = 16.0.31624.102
MinimumVisualStudioVersion = 10.0.40219.1
Project("{FAE04EC0-301F-11D3-BF4B-00C04F79EFBC}") = "Largest", "Largest\Largest.csproj", "{45BD24E4-FE74-4B8F-9B3B-D2A5389B0921}"
EndProject
Global
	GlobalSection(SolutionConfigurationPlatforms) = preSolution
		Debug|Any CPU = Debug|Any CPU
		Release|Any CPU = Release|Any CPU
	EndGlobalSection
	GlobalSection(ProjectConfigurationPlatforms) = postSolution
		{45BD24E4-FE74-4B8F-9B3B-D2A5389B0921}.Debug|Any CPU.ActiveCfg = Debug|Any CPU
		{45BD24E4-FE74-4B8F-9B3B-D2A5389B0921}.Debug|Any CPU.Build.0 = Debug|Any CPU
		{45BD24E4-FE74-4B8F-9B3B-D2A5389B0921}.Release|Any CPU.ActiveCfg = Release|Any CPU
		{45BD24E4-FE74-4B8F-9B3B-D2A5389B0921}.Release|Any CPU.Build.0 = Release|Any CPU
	EndGlobalSection
	GlobalSection(SolutionProperties) = preSolution
		HideSolutionNode = FALSE
	EndGlobalSection
	GlobalSection(ExtensibilityGlobals) = postSolution
		SolutionGuid = {445144F8-719A-4411-877F-DC5897A58419}
	EndGlobalSection
EndGlobal
